// !$*UTF8*$!
{
	archiveVersion = 1;
	classes = {
	};
	objectVersion = 55;
	objects = {

/* Begin PBXBuildFile section */
		EA20207A27CF28DA00D706B0 /* Tests_iOS.swift in Sources */ = {isa = PBXBuildFile; fileRef = EA20207927CF28DA00D706B0 /* Tests_iOS.swift */; };
		EA20207C27CF28DA00D706B0 /* Tests_iOSLaunchTests.swift in Sources */ = {isa = PBXBuildFile; fileRef = EA20207B27CF28DA00D706B0 /* Tests_iOSLaunchTests.swift */; };
		EA20208927CF28DA00D706B0 /* LandmarksApp.swift in Sources */ = {isa = PBXBuildFile; fileRef = EA20206127CF28DA00D706B0 /* LandmarksApp.swift */; };
		EA20208B27CF28DA00D706B0 /* ContentView.swift in Sources */ = {isa = PBXBuildFile; fileRef = EA20206227CF28DA00D706B0 /* ContentView.swift */; };
		EA20208D27CF28DA00D706B0 /* Assets.xcassets in Resources */ = {isa = PBXBuildFile; fileRef = EA20206327CF28DA00D706B0 /* Assets.xcassets */; };
		EA20209E27CF2C2E00D706B0 /* CircleImage.swift in Sources */ = {isa = PBXBuildFile; fileRef = EA20209D27CF2C2E00D706B0 /* CircleImage.swift */; };
		EA2020A727CF2F0C00D706B0 /* MapView.swift in Sources */ = {isa = PBXBuildFile; fileRef = EA2020A627CF2F0C00D706B0 /* MapView.swift */; };
		EA2020AA27CF314700D706B0 /* landmarkData.json in Resources */ = {isa = PBXBuildFile; fileRef = EA2020A927CF314700D706B0 /* landmarkData.json */; };
		EA2020AC27CF315900D706B0 /* Landmark.swift in Sources */ = {isa = PBXBuildFile; fileRef = EA2020AB27CF315900D706B0 /* Landmark.swift */; };
		EA2020AE27CF31EA00D706B0 /* ModelData.swift in Sources */ = {isa = PBXBuildFile; fileRef = EA2020AD27CF31EA00D706B0 /* ModelData.swift */; };
		EA2020B327CF336500D706B0 /* LandmarkRow.swift in Sources */ = {isa = PBXBuildFile; fileRef = EA2020B227CF336500D706B0 /* LandmarkRow.swift */; };
		EA2020B527CF359F00D706B0 /* LandmarkList.swift in Sources */ = {isa = PBXBuildFile; fileRef = EA2020B427CF359F00D706B0 /* LandmarkList.swift */; };
		EA26B71A27ED8AD5003BF66C /* ProfileEditor.swift in Sources */ = {isa = PBXBuildFile; fileRef = EA26B71927ED8AD5003BF66C /* ProfileEditor.swift */; };
		EA48825627ED72A700E3B88E /* BadgeSymbol.swift in Sources */ = {isa = PBXBuildFile; fileRef = EA48825527ED72A700E3B88E /* BadgeSymbol.swift */; };
		EA48825927ED763B00E3B88E /* RotatedBadgeSymbol.swift in Sources */ = {isa = PBXBuildFile; fileRef = EA48825827ED763B00E3B88E /* RotatedBadgeSymbol.swift */; };
		EA48825C27ED766500E3B88E /* Badge.swift in Sources */ = {isa = PBXBuildFile; fileRef = EA48825B27ED766500E3B88E /* Badge.swift */; };
		EA48826427ED799300E3B88E /* Hikes in Resources */ = {isa = PBXBuildFile; fileRef = EA48826127ED799300E3B88E /* Hikes */; };
		EA48826527ED799300E3B88E /* hikeData.json in Resources */ = {isa = PBXBuildFile; fileRef = EA48826227ED799300E3B88E /* hikeData.json */; };
		EA48826627ED799300E3B88E /* LICENSE in Resources */ = {isa = PBXBuildFile; fileRef = EA48826327ED799300E3B88E /* LICENSE */; };
		EA48826A27ED7A3E00E3B88E /* Hike.swift in Sources */ = {isa = PBXBuildFile; fileRef = EA48826927ED7A3E00E3B88E /* Hike.swift */; };
		EA48827027ED7B8800E3B88E /* GraphCapsule.swift in Sources */ = {isa = PBXBuildFile; fileRef = EA48826C27ED7B8800E3B88E /* GraphCapsule.swift */; };
		EA48827127ED7B8800E3B88E /* HikeGraph.swift in Sources */ = {isa = PBXBuildFile; fileRef = EA48826D27ED7B8800E3B88E /* HikeGraph.swift */; };
		EA48827227ED7B8800E3B88E /* HikeDetail.swift in Sources */ = {isa = PBXBuildFile; fileRef = EA48826E27ED7B8800E3B88E /* HikeDetail.swift */; };
		EA48827327ED7B8800E3B88E /* HikeView.swift in Sources */ = {isa = PBXBuildFile; fileRef = EA48826F27ED7B8800E3B88E /* HikeView.swift */; };
		EA48827527ED7E6D00E3B88E /* CategoryHome.swift in Sources */ = {isa = PBXBuildFile; fileRef = EA48827427ED7E6D00E3B88E /* CategoryHome.swift */; };
		EA48827727ED80A900E3B88E /* CategoryRow.swift in Sources */ = {isa = PBXBuildFile; fileRef = EA48827627ED80A900E3B88E /* CategoryRow.swift */; };
		EA48827927ED828200E3B88E /* CategoryItem.swift in Sources */ = {isa = PBXBuildFile; fileRef = EA48827827ED828200E3B88E /* CategoryItem.swift */; };
		EA48827C27ED861A00E3B88E /* Profile.swift in Sources */ = {isa = PBXBuildFile; fileRef = EA48827B27ED861A00E3B88E /* Profile.swift */; };
		EA48827E27ED864600E3B88E /* ProfileHost.swift in Sources */ = {isa = PBXBuildFile; fileRef = EA48827D27ED864600E3B88E /* ProfileHost.swift */; };
		EA48828027ED86B800E3B88E /* ProfileSummary.swift in Sources */ = {isa = PBXBuildFile; fileRef = EA48827F27ED86B800E3B88E /* ProfileSummary.swift */; };
		EA48828227ED872900E3B88E /* HikeBadge.swift in Sources */ = {isa = PBXBuildFile; fileRef = EA48828127ED872900E3B88E /* HikeBadge.swift */; };
		EA59C9B627CF3886004D24CB /* LandmarkDetail.swift in Sources */ = {isa = PBXBuildFile; fileRef = EA59C9B527CF3886004D24CB /* LandmarkDetail.swift */; };
		EA59CA3C27D1C564004D24CB /* FavoriteButton.swift in Sources */ = {isa = PBXBuildFile; fileRef = EA59CA3B27D1C564004D24CB /* FavoriteButton.swift */; };
		EAE6279627E1AD2D000C8CA3 /* HexagonParameters.swift in Sources */ = {isa = PBXBuildFile; fileRef = EAE6279527E1AD2D000C8CA3 /* HexagonParameters.swift */; };
		EAE6279927E1ADEC000C8CA3 /* BadgeBackground.swift in Sources */ = {isa = PBXBuildFile; fileRef = EAE6279827E1ADEC000C8CA3 /* BadgeBackground.swift */; };
/* End PBXBuildFile section */

/* Begin PBXContainerItemProxy section */
		EA20207627CF28DA00D706B0 /* PBXContainerItemProxy */ = {
			isa = PBXContainerItemProxy;
			containerPortal = EA20205C27CF28D900D706B0 /* Project object */;
			proxyType = 1;
			remoteGlobalIDString = EA20206727CF28DA00D706B0;
			remoteInfo = "Landmarks (iOS)";
		};
/* End PBXContainerItemProxy section */

/* Begin PBXFileReference section */
		EA20206127CF28DA00D706B0 /* LandmarksApp.swift */ = {isa = PBXFileReference; lastKnownFileType = sourcecode.swift; path = LandmarksApp.swift; sourceTree = "<group>"; };
		EA20206227CF28DA00D706B0 /* ContentView.swift */ = {isa = PBXFileReference; lastKnownFileType = sourcecode.swift; path = ContentView.swift; sourceTree = "<group>"; };
		EA20206327CF28DA00D706B0 /* Assets.xcassets */ = {isa = PBXFileReference; lastKnownFileType = folder.assetcatalog; path = Assets.xcassets; sourceTree = "<group>"; };
		EA20206827CF28DA00D706B0 /* Landmarks.app */ = {isa = PBXFileReference; explicitFileType = wrapper.application; includeInIndex = 0; path = Landmarks.app; sourceTree = BUILT_PRODUCTS_DIR; };
		EA20207027CF28DA00D706B0 /* macOS.entitlements */ = {isa = PBXFileReference; lastKnownFileType = text.plist.entitlements; path = macOS.entitlements; sourceTree = "<group>"; };
		EA20207527CF28DA00D706B0 /* Tests iOS.xctest */ = {isa = PBXFileReference; explicitFileType = wrapper.cfbundle; includeInIndex = 0; path = "Tests iOS.xctest"; sourceTree = BUILT_PRODUCTS_DIR; };
		EA20207927CF28DA00D706B0 /* Tests_iOS.swift */ = {isa = PBXFileReference; lastKnownFileType = sourcecode.swift; path = Tests_iOS.swift; sourceTree = "<group>"; };
		EA20207B27CF28DA00D706B0 /* Tests_iOSLaunchTests.swift */ = {isa = PBXFileReference; lastKnownFileType = sourcecode.swift; path = Tests_iOSLaunchTests.swift; sourceTree = "<group>"; };
		EA20208527CF28DA00D706B0 /* Tests_macOS.swift */ = {isa = PBXFileReference; lastKnownFileType = sourcecode.swift; path = Tests_macOS.swift; sourceTree = "<group>"; };
		EA20208727CF28DA00D706B0 /* Tests_macOSLaunchTests.swift */ = {isa = PBXFileReference; lastKnownFileType = sourcecode.swift; path = Tests_macOSLaunchTests.swift; sourceTree = "<group>"; };
		EA20209D27CF2C2E00D706B0 /* CircleImage.swift */ = {isa = PBXFileReference; lastKnownFileType = sourcecode.swift; path = CircleImage.swift; sourceTree = "<group>"; };
		EA2020A627CF2F0C00D706B0 /* MapView.swift */ = {isa = PBXFileReference; lastKnownFileType = sourcecode.swift; path = MapView.swift; sourceTree = "<group>"; };
		EA2020A927CF314700D706B0 /* landmarkData.json */ = {isa = PBXFileReference; fileEncoding = 4; lastKnownFileType = text.json; path = landmarkData.json; sourceTree = "<group>"; };
		EA2020AB27CF315900D706B0 /* Landmark.swift */ = {isa = PBXFileReference; lastKnownFileType = sourcecode.swift; path = Landmark.swift; sourceTree = "<group>"; };
		EA2020AD27CF31EA00D706B0 /* ModelData.swift */ = {isa = PBXFileReference; lastKnownFileType = sourcecode.swift; path = ModelData.swift; sourceTree = "<group>"; };
		EA2020B227CF336500D706B0 /* LandmarkRow.swift */ = {isa = PBXFileReference; lastKnownFileType = sourcecode.swift; path = LandmarkRow.swift; sourceTree = "<group>"; };
		EA2020B427CF359F00D706B0 /* LandmarkList.swift */ = {isa = PBXFileReference; lastKnownFileType = sourcecode.swift; path = LandmarkList.swift; sourceTree = "<group>"; };
		EA26B71927ED8AD5003BF66C /* ProfileEditor.swift */ = {isa = PBXFileReference; lastKnownFileType = sourcecode.swift; path = ProfileEditor.swift; sourceTree = "<group>"; };
		EA48825527ED72A700E3B88E /* BadgeSymbol.swift */ = {isa = PBXFileReference; lastKnownFileType = sourcecode.swift; path = BadgeSymbol.swift; sourceTree = "<group>"; };
		EA48825827ED763B00E3B88E /* RotatedBadgeSymbol.swift */ = {isa = PBXFileReference; lastKnownFileType = sourcecode.swift; path = RotatedBadgeSymbol.swift; sourceTree = "<group>"; };
		EA48825B27ED766500E3B88E /* Badge.swift */ = {isa = PBXFileReference; lastKnownFileType = sourcecode.swift; path = Badge.swift; sourceTree = "<group>"; };
		EA48826127ED799300E3B88E /* Hikes */ = {isa = PBXFileReference; lastKnownFileType = folder; path = Hikes; sourceTree = "<group>"; };
		EA48826227ED799300E3B88E /* hikeData.json */ = {isa = PBXFileReference; fileEncoding = 4; lastKnownFileType = text.json; path = hikeData.json; sourceTree = "<group>"; };
		EA48826327ED799300E3B88E /* LICENSE */ = {isa = PBXFileReference; lastKnownFileType = folder; path = LICENSE; sourceTree = "<group>"; };
		EA48826927ED7A3E00E3B88E /* Hike.swift */ = {isa = PBXFileReference; lastKnownFileType = sourcecode.swift; path = Hike.swift; sourceTree = "<group>"; };
		EA48826C27ED7B8800E3B88E /* GraphCapsule.swift */ = {isa = PBXFileReference; fileEncoding = 4; lastKnownFileType = sourcecode.swift; path = GraphCapsule.swift; sourceTree = "<group>"; };
		EA48826D27ED7B8800E3B88E /* HikeGraph.swift */ = {isa = PBXFileReference; fileEncoding = 4; lastKnownFileType = sourcecode.swift; path = HikeGraph.swift; sourceTree = "<group>"; };
		EA48826E27ED7B8800E3B88E /* HikeDetail.swift */ = {isa = PBXFileReference; fileEncoding = 4; lastKnownFileType = sourcecode.swift; path = HikeDetail.swift; sourceTree = "<group>"; };
		EA48826F27ED7B8800E3B88E /* HikeView.swift */ = {isa = PBXFileReference; fileEncoding = 4; lastKnownFileType = sourcecode.swift; path = HikeView.swift; sourceTree = "<group>"; };
		EA48827427ED7E6D00E3B88E /* CategoryHome.swift */ = {isa = PBXFileReference; lastKnownFileType = sourcecode.swift; path = CategoryHome.swift; sourceTree = "<group>"; };
		EA48827627ED80A900E3B88E /* CategoryRow.swift */ = {isa = PBXFileReference; lastKnownFileType = sourcecode.swift; path = CategoryRow.swift; sourceTree = "<group>"; };
		EA48827827ED828200E3B88E /* CategoryItem.swift */ = {isa = PBXFileReference; lastKnownFileType = sourcecode.swift; path = CategoryItem.swift; sourceTree = "<group>"; };
		EA48827B27ED861A00E3B88E /* Profile.swift */ = {isa = PBXFileReference; lastKnownFileType = sourcecode.swift; path = Profile.swift; sourceTree = "<group>"; };
		EA48827D27ED864600E3B88E /* ProfileHost.swift */ = {isa = PBXFileReference; lastKnownFileType = sourcecode.swift; path = ProfileHost.swift; sourceTree = "<group>"; };
		EA48827F27ED86B800E3B88E /* ProfileSummary.swift */ = {isa = PBXFileReference; lastKnownFileType = sourcecode.swift; path = ProfileSummary.swift; sourceTree = "<group>"; };
		EA48828127ED872900E3B88E /* HikeBadge.swift */ = {isa = PBXFileReference; lastKnownFileType = sourcecode.swift; path = HikeBadge.swift; sourceTree = "<group>"; };
		EA59C9B527CF3886004D24CB /* LandmarkDetail.swift */ = {isa = PBXFileReference; lastKnownFileType = sourcecode.swift; path = LandmarkDetail.swift; sourceTree = "<group>"; };
		EA59CA3B27D1C564004D24CB /* FavoriteButton.swift */ = {isa = PBXFileReference; lastKnownFileType = sourcecode.swift; path = FavoriteButton.swift; sourceTree = "<group>"; };
		EAE6279527E1AD2D000C8CA3 /* HexagonParameters.swift */ = {isa = PBXFileReference; lastKnownFileType = sourcecode.swift; path = HexagonParameters.swift; sourceTree = "<group>"; };
		EAE6279827E1ADEC000C8CA3 /* BadgeBackground.swift */ = {isa = PBXFileReference; lastKnownFileType = sourcecode.swift; path = BadgeBackground.swift; sourceTree = "<group>"; };
/* End PBXFileReference section */

/* Begin PBXFrameworksBuildPhase section */
		EA20206527CF28DA00D706B0 /* Frameworks */ = {
			isa = PBXFrameworksBuildPhase;
			buildActionMask = 2147483647;
			files = (
			);
			runOnlyForDeploymentPostprocessing = 0;
		};
		EA20207227CF28DA00D706B0 /* Frameworks */ = {
			isa = PBXFrameworksBuildPhase;
			buildActionMask = 2147483647;
			files = (
			);
			runOnlyForDeploymentPostprocessing = 0;
		};
/* End PBXFrameworksBuildPhase section */

/* Begin PBXGroup section */
		EA20205B27CF28D900D706B0 = {
			isa = PBXGroup;
			children = (
				EA48826927ED7A3E00E3B88E /* Hike.swift */,
				EA20206027CF28DA00D706B0 /* Shared */,
				EA20206F27CF28DA00D706B0 /* macOS */,
				EA20207827CF28DA00D706B0 /* Tests iOS */,
				EA20208427CF28DA00D706B0 /* Tests macOS */,
				EA20206927CF28DA00D706B0 /* Products */,
			);
			sourceTree = "<group>";
		};
		EA20206027CF28DA00D706B0 /* Shared */ = {
			isa = PBXGroup;
			children = (
				EA48827A27ED860400E3B88E /* Profiles */,
				EA20206127CF28DA00D706B0 /* LandmarksApp.swift */,
				EA48826B27ED7B8800E3B88E /* Hikes */,
				EA48826027ED784100E3B88E /* Badges */,
				EA2020AF27CF323C00D706B0 /* Resouce */,
				EA2020B027CF325C00D706B0 /* View */,
				EA2020B127CF328000D706B0 /* Model */,
				EA59CA3E27D1C5C2004D24CB /* Helper */,
				EA59CA3D27D1C5B4004D24CB /* Landmarks */,
				EA20206327CF28DA00D706B0 /* Assets.xcassets */,
			);
			path = Shared;
			sourceTree = "<group>";
		};
		EA20206927CF28DA00D706B0 /* Products */ = {
			isa = PBXGroup;
			children = (
				EA20206827CF28DA00D706B0 /* Landmarks.app */,
				EA20207527CF28DA00D706B0 /* Tests iOS.xctest */,
			);
			name = Products;
			sourceTree = "<group>";
		};
		EA20206F27CF28DA00D706B0 /* macOS */ = {
			isa = PBXGroup;
			children = (
				EA20207027CF28DA00D706B0 /* macOS.entitlements */,
			);
			path = macOS;
			sourceTree = "<group>";
		};
		EA20207827CF28DA00D706B0 /* Tests iOS */ = {
			isa = PBXGroup;
			children = (
				EA20207927CF28DA00D706B0 /* Tests_iOS.swift */,
				EA20207B27CF28DA00D706B0 /* Tests_iOSLaunchTests.swift */,
			);
			path = "Tests iOS";
			sourceTree = "<group>";
		};
		EA20208427CF28DA00D706B0 /* Tests macOS */ = {
			isa = PBXGroup;
			children = (
				EA20208527CF28DA00D706B0 /* Tests_macOS.swift */,
				EA20208727CF28DA00D706B0 /* Tests_macOSLaunchTests.swift */,
			);
			path = "Tests macOS";
			sourceTree = "<group>";
		};
		EA2020AF27CF323C00D706B0 /* Resouce */ = {
			isa = PBXGroup;
			children = (
				EA48826227ED799300E3B88E /* hikeData.json */,
				EA48826127ED799300E3B88E /* Hikes */,
				EA48826327ED799300E3B88E /* LICENSE */,
				EA2020A927CF314700D706B0 /* landmarkData.json */,
			);
			path = Resouce;
			sourceTree = "<group>";
		};
		EA2020B027CF325C00D706B0 /* View */ = {
			isa = PBXGroup;
			children = (
				EA20206227CF28DA00D706B0 /* ContentView.swift */,
				EA48827427ED7E6D00E3B88E /* CategoryHome.swift */,
				EA48827627ED80A900E3B88E /* CategoryRow.swift */,
				EA48827827ED828200E3B88E /* CategoryItem.swift */,
			);
			name = View;
			sourceTree = "<group>";
		};
		EA2020B127CF328000D706B0 /* Model */ = {
			isa = PBXGroup;
			children = (
				EA2020AD27CF31EA00D706B0 /* ModelData.swift */,
				EA2020AB27CF315900D706B0 /* Landmark.swift */,
			);
			path = Model;
			sourceTree = "<group>";
		};
		EA48826027ED784100E3B88E /* Badges */ = {
			isa = PBXGroup;
			children = (
				EA48825B27ED766500E3B88E /* Badge.swift */,
				EAE6279827E1ADEC000C8CA3 /* BadgeBackground.swift */,
				EA48825527ED72A700E3B88E /* BadgeSymbol.swift */,
				EA48825827ED763B00E3B88E /* RotatedBadgeSymbol.swift */,
				EAE6279527E1AD2D000C8CA3 /* HexagonParameters.swift */,
			);
			name = Badges;
			sourceTree = "<group>";
		};
		EA48826B27ED7B8800E3B88E /* Hikes */ = {
			isa = PBXGroup;
			children = (
				EA48826C27ED7B8800E3B88E /* GraphCapsule.swift */,
				EA48826D27ED7B8800E3B88E /* HikeGraph.swift */,
				EA48826E27ED7B8800E3B88E /* HikeDetail.swift */,
				EA48826F27ED7B8800E3B88E /* HikeView.swift */,
				EA48828127ED872900E3B88E /* HikeBadge.swift */,
			);
			path = Hikes;
			sourceTree = "<group>";
		};
		EA48827A27ED860400E3B88E /* Profiles */ = {
			isa = PBXGroup;
			children = (
				EA48827B27ED861A00E3B88E /* Profile.swift */,
				EA48827D27ED864600E3B88E /* ProfileHost.swift */,
				EA26B71927ED8AD5003BF66C /* ProfileEditor.swift */,
				EA48827F27ED86B800E3B88E /* ProfileSummary.swift */,
			);
			name = Profiles;
			sourceTree = "<group>";
		};
		EA59CA3D27D1C5B4004D24CB /* Landmarks */ = {
			isa = PBXGroup;
			children = (
				EA2020B227CF336500D706B0 /* LandmarkRow.swift */,
				EA2020B427CF359F00D706B0 /* LandmarkList.swift */,
				EA59C9B527CF3886004D24CB /* LandmarkDetail.swift */,
			);
			name = Landmarks;
			sourceTree = "<group>";
		};
		EA59CA3E27D1C5C2004D24CB /* Helper */ = {
			isa = PBXGroup;
			children = (
				EA59CA3B27D1C564004D24CB /* FavoriteButton.swift */,
				EA2020A627CF2F0C00D706B0 /* MapView.swift */,
				EA20209D27CF2C2E00D706B0 /* CircleImage.swift */,
			);
			name = Helper;
			sourceTree = "<group>";
		};
/* End PBXGroup section */

/* Begin PBXNativeTarget section */
		EA20206727CF28DA00D706B0 /* Landmarks (iOS) */ = {
			isa = PBXNativeTarget;
			buildConfigurationList = EA20209127CF28DA00D706B0 /* Build configuration list for PBXNativeTarget "Landmarks (iOS)" */;
			buildPhases = (
				EA20206427CF28DA00D706B0 /* Sources */,
				EA20206527CF28DA00D706B0 /* Frameworks */,
				EA20206627CF28DA00D706B0 /* Resources */,
			);
			buildRules = (
			);
			dependencies = (
			);
			name = "Landmarks (iOS)";
			productName = "Landmarks (iOS)";
			productReference = EA20206827CF28DA00D706B0 /* Landmarks.app */;
			productType = "com.apple.product-type.application";
		};
		EA20207427CF28DA00D706B0 /* Tests iOS */ = {
			isa = PBXNativeTarget;
			buildConfigurationList = EA20209727CF28DA00D706B0 /* Build configuration list for PBXNativeTarget "Tests iOS" */;
			buildPhases = (
				EA20207127CF28DA00D706B0 /* Sources */,
				EA20207227CF28DA00D706B0 /* Frameworks */,
				EA20207327CF28DA00D706B0 /* Resources */,
			);
			buildRules = (
			);
			dependencies = (
				EA20207727CF28DA00D706B0 /* PBXTargetDependency */,
			);
			name = "Tests iOS";
			productName = "Tests iOS";
			productReference = EA20207527CF28DA00D706B0 /* Tests iOS.xctest */;
			productType = "com.apple.product-type.bundle.ui-testing";
		};
/* End PBXNativeTarget section */

/* Begin PBXProject section */
		EA20205C27CF28D900D706B0 /* Project object */ = {
			isa = PBXProject;
			attributes = {
				BuildIndependentTargetsInParallel = 1;
				LastSwiftUpdateCheck = 1320;
				LastUpgradeCheck = 1320;
				TargetAttributes = {
					EA20206727CF28DA00D706B0 = {
						CreatedOnToolsVersion = 13.2.1;
					};
					EA20207427CF28DA00D706B0 = {
						CreatedOnToolsVersion = 13.2.1;
						TestTargetID = EA20206727CF28DA00D706B0;
					};
				};
			};
			buildConfigurationList = EA20205F27CF28D900D706B0 /* Build configuration list for PBXProject "Landmarks" */;
			compatibilityVersion = "Xcode 13.0";
			developmentRegion = en;
			hasScannedForEncodings = 0;
			knownRegions = (
				en,
				Base,
			);
			mainGroup = EA20205B27CF28D900D706B0;
			productRefGroup = EA20206927CF28DA00D706B0 /* Products */;
			projectDirPath = "";
			projectRoot = "";
			targets = (
				EA20206727CF28DA00D706B0 /* Landmarks (iOS) */,
				EA20207427CF28DA00D706B0 /* Tests iOS */,
			);
		};
/* End PBXProject section */

/* Begin PBXResourcesBuildPhase section */
		EA20206627CF28DA00D706B0 /* Resources */ = {
			isa = PBXResourcesBuildPhase;
			buildActionMask = 2147483647;
			files = (
				EA48826527ED799300E3B88E /* hikeData.json in Resources */,
				EA48826427ED799300E3B88E /* Hikes in Resources */,
				EA20208D27CF28DA00D706B0 /* Assets.xcassets in Resources */,
				EA2020AA27CF314700D706B0 /* landmarkData.json in Resources */,
				EA48826627ED799300E3B88E /* LICENSE in Resources */,
			);
			runOnlyForDeploymentPostprocessing = 0;
		};
		EA20207327CF28DA00D706B0 /* Resources */ = {
			isa = PBXResourcesBuildPhase;
			buildActionMask = 2147483647;
			files = (
			);
			runOnlyForDeploymentPostprocessing = 0;
		};
/* End PBXResourcesBuildPhase section */

/* Begin PBXSourcesBuildPhase section */
		EA20206427CF28DA00D706B0 /* Sources */ = {
			isa = PBXSourcesBuildPhase;
			buildActionMask = 2147483647;
			files = (
				EA48827727ED80A900E3B88E /* CategoryRow.swift in Sources */,
				EA48827C27ED861A00E3B88E /* Profile.swift in Sources */,
				EA20208B27CF28DA00D706B0 /* ContentView.swift in Sources */,
				EA48827527ED7E6D00E3B88E /* CategoryHome.swift in Sources */,
				EA48827127ED7B8800E3B88E /* HikeGraph.swift in Sources */,
				EA48825C27ED766500E3B88E /* Badge.swift in Sources */,
				EA2020A727CF2F0C00D706B0 /* MapView.swift in Sources */,
				EA48827027ED7B8800E3B88E /* GraphCapsule.swift in Sources */,
				EA20208927CF28DA00D706B0 /* LandmarksApp.swift in Sources */,
				EA59CA3C27D1C564004D24CB /* FavoriteButton.swift in Sources */,
				EA48827927ED828200E3B88E /* CategoryItem.swift in Sources */,
				EA48827227ED7B8800E3B88E /* HikeDetail.swift in Sources */,
				EA48828027ED86B800E3B88E /* ProfileSummary.swift in Sources */,
				EAE6279627E1AD2D000C8CA3 /* HexagonParameters.swift in Sources */,
				EA48827E27ED864600E3B88E /* ProfileHost.swift in Sources */,
				EA48826A27ED7A3E00E3B88E /* Hike.swift in Sources */,
				EA48825927ED763B00E3B88E /* RotatedBadgeSymbol.swift in Sources */,
				EA48825627ED72A700E3B88E /* BadgeSymbol.swift in Sources */,
				EA26B71A27ED8AD5003BF66C /* ProfileEditor.swift in Sources */,
				EA2020B527CF359F00D706B0 /* LandmarkList.swift in Sources */,
				EA48827327ED7B8800E3B88E /* HikeView.swift in Sources */,
				EA59C9B627CF3886004D24CB /* LandmarkDetail.swift in Sources */,
				EAE6279927E1ADEC000C8CA3 /* BadgeBackground.swift in Sources */,
				EA48828227ED872900E3B88E /* HikeBadge.swift in Sources */,
				EA20209E27CF2C2E00D706B0 /* CircleImage.swift in Sources */,
				EA2020AC27CF315900D706B0 /* Landmark.swift in Sources */,
				EA2020B327CF336500D706B0 /* LandmarkRow.swift in Sources */,
				EA2020AE27CF31EA00D706B0 /* ModelData.swift in Sources */,
			);
			runOnlyForDeploymentPostprocessing = 0;
		};
		EA20207127CF28DA00D706B0 /* Sources */ = {
			isa = PBXSourcesBuildPhase;
			buildActionMask = 2147483647;
			files = (
				EA20207C27CF28DA00D706B0 /* Tests_iOSLaunchTests.swift in Sources */,
				EA20207A27CF28DA00D706B0 /* Tests_iOS.swift in Sources */,
			);
			runOnlyForDeploymentPostprocessing = 0;
		};
/* End PBXSourcesBuildPhase section */

/* Begin PBXTargetDependency section */
		EA20207727CF28DA00D706B0 /* PBXTargetDependency */ = {
			isa = PBXTargetDependency;
			target = EA20206727CF28DA00D706B0 /* Landmarks (iOS) */;
			targetProxy = EA20207627CF28DA00D706B0 /* PBXContainerItemProxy */;
		};
/* End PBXTargetDependency section */

/* Begin XCBuildConfiguration section */
		EA20208F27CF28DA00D706B0 /* Debug */ = {
			isa = XCBuildConfiguration;
			buildSettings = {
				ALWAYS_SEARCH_USER_PATHS = NO;
				CLANG_ANALYZER_NONNULL = YES;
				CLANG_ANALYZER_NUMBER_OBJECT_CONVERSION = YES_AGGRESSIVE;
				CLANG_CXX_LANGUAGE_STANDARD = "gnu++17";
				CLANG_CXX_LIBRARY = "libc++";
				CLANG_ENABLE_MODULES = YES;
				CLANG_ENABLE_OBJC_ARC = YES;
				CLANG_ENABLE_OBJC_WEAK = YES;
				CLANG_WARN_BLOCK_CAPTURE_AUTORELEASING = YES;
				CLANG_WARN_BOOL_CONVERSION = YES;
				CLANG_WARN_COMMA = YES;
				CLANG_WARN_CONSTANT_CONVERSION = YES;
				CLANG_WARN_DEPRECATED_OBJC_IMPLEMENTATIONS = YES;
				CLANG_WARN_DIRECT_OBJC_ISA_USAGE = YES_ERROR;
				CLANG_WARN_DOCUMENTATION_COMMENTS = YES;
				CLANG_WARN_EMPTY_BODY = YES;
				CLANG_WARN_ENUM_CONVERSION = YES;
				CLANG_WARN_INFINITE_RECURSION = YES;
				CLANG_WARN_INT_CONVERSION = YES;
				CLANG_WARN_NON_LITERAL_NULL_CONVERSION = YES;
				CLANG_WARN_OBJC_IMPLICIT_RETAIN_SELF = YES;
				CLANG_WARN_OBJC_LITERAL_CONVERSION = YES;
				CLANG_WARN_OBJC_ROOT_CLASS = YES_ERROR;
				CLANG_WARN_QUOTED_INCLUDE_IN_FRAMEWORK_HEADER = YES;
				CLANG_WARN_RANGE_LOOP_ANALYSIS = YES;
				CLANG_WARN_STRICT_PROTOTYPES = YES;
				CLANG_WARN_SUSPICIOUS_MOVE = YES;
				CLANG_WARN_UNGUARDED_AVAILABILITY = YES_AGGRESSIVE;
				CLANG_WARN_UNREACHABLE_CODE = YES;
				CLANG_WARN__DUPLICATE_METHOD_MATCH = YES;
				COPY_PHASE_STRIP = NO;
				DEBUG_INFORMATION_FORMAT = dwarf;
				ENABLE_STRICT_OBJC_MSGSEND = YES;
				ENABLE_TESTABILITY = YES;
				GCC_C_LANGUAGE_STANDARD = gnu11;
				GCC_DYNAMIC_NO_PIC = NO;
				GCC_NO_COMMON_BLOCKS = YES;
				GCC_OPTIMIZATION_LEVEL = 0;
				GCC_PREPROCESSOR_DEFINITIONS = (
					"DEBUG=1",
					"$(inherited)",
				);
				GCC_WARN_64_TO_32_BIT_CONVERSION = YES;
				GCC_WARN_ABOUT_RETURN_TYPE = YES_ERROR;
				GCC_WARN_UNDECLARED_SELECTOR = YES;
				GCC_WARN_UNINITIALIZED_AUTOS = YES_AGGRESSIVE;
				GCC_WARN_UNUSED_FUNCTION = YES;
				GCC_WARN_UNUSED_VARIABLE = YES;
				MTL_ENABLE_DEBUG_INFO = INCLUDE_SOURCE;
				MTL_FAST_MATH = YES;
				ONLY_ACTIVE_ARCH = YES;
				SWIFT_ACTIVE_COMPILATION_CONDITIONS = DEBUG;
				SWIFT_OPTIMIZATION_LEVEL = "-Onone";
			};
			name = Debug;
		};
		EA20209027CF28DA00D706B0 /* Release */ = {
			isa = XCBuildConfiguration;
			buildSettings = {
				ALWAYS_SEARCH_USER_PATHS = NO;
				CLANG_ANALYZER_NONNULL = YES;
				CLANG_ANALYZER_NUMBER_OBJECT_CONVERSION = YES_AGGRESSIVE;
				CLANG_CXX_LANGUAGE_STANDARD = "gnu++17";
				CLANG_CXX_LIBRARY = "libc++";
				CLANG_ENABLE_MODULES = YES;
				CLANG_ENABLE_OBJC_ARC = YES;
				CLANG_ENABLE_OBJC_WEAK = YES;
				CLANG_WARN_BLOCK_CAPTURE_AUTORELEASING = YES;
				CLANG_WARN_BOOL_CONVERSION = YES;
				CLANG_WARN_COMMA = YES;
				CLANG_WARN_CONSTANT_CONVERSION = YES;
				CLANG_WARN_DEPRECATED_OBJC_IMPLEMENTATIONS = YES;
				CLANG_WARN_DIRECT_OBJC_ISA_USAGE = YES_ERROR;
				CLANG_WARN_DOCUMENTATION_COMMENTS = YES;
				CLANG_WARN_EMPTY_BODY = YES;
				CLANG_WARN_ENUM_CONVERSION = YES;
				CLANG_WARN_INFINITE_RECURSION = YES;
				CLANG_WARN_INT_CONVERSION = YES;
				CLANG_WARN_NON_LITERAL_NULL_CONVERSION = YES;
				CLANG_WARN_OBJC_IMPLICIT_RETAIN_SELF = YES;
				CLANG_WARN_OBJC_LITERAL_CONVERSION = YES;
				CLANG_WARN_OBJC_ROOT_CLASS = YES_ERROR;
				CLANG_WARN_QUOTED_INCLUDE_IN_FRAMEWORK_HEADER = YES;
				CLANG_WARN_RANGE_LOOP_ANALYSIS = YES;
				CLANG_WARN_STRICT_PROTOTYPES = YES;
				CLANG_WARN_SUSPICIOUS_MOVE = YES;
				CLANG_WARN_UNGUARDED_AVAILABILITY = YES_AGGRESSIVE;
				CLANG_WARN_UNREACHABLE_CODE = YES;
				CLANG_WARN__DUPLICATE_METHOD_MATCH = YES;
				COPY_PHASE_STRIP = NO;
				DEBUG_INFORMATION_FORMAT = "dwarf-with-dsym";
				ENABLE_NS_ASSERTIONS = NO;
				ENABLE_STRICT_OBJC_MSGSEND = YES;
				GCC_C_LANGUAGE_STANDARD = gnu11;
				GCC_NO_COMMON_BLOCKS = YES;
				GCC_WARN_64_TO_32_BIT_CONVERSION = YES;
				GCC_WARN_ABOUT_RETURN_TYPE = YES_ERROR;
				GCC_WARN_UNDECLARED_SELECTOR = YES;
				GCC_WARN_UNINITIALIZED_AUTOS = YES_AGGRESSIVE;
				GCC_WARN_UNUSED_FUNCTION = YES;
				GCC_WARN_UNUSED_VARIABLE = YES;
				MTL_ENABLE_DEBUG_INFO = NO;
				MTL_FAST_MATH = YES;
				SWIFT_COMPILATION_MODE = wholemodule;
				SWIFT_OPTIMIZATION_LEVEL = "-O";
			};
			name = Release;
		};
		EA20209227CF28DA00D706B0 /* Debug */ = {
			isa = XCBuildConfiguration;
			buildSettings = {
				ASSETCATALOG_COMPILER_APPICON_NAME = AppIcon;
				ASSETCATALOG_COMPILER_GLOBAL_ACCENT_COLOR_NAME = AccentColor;
				CODE_SIGN_STYLE = Automatic;
				CURRENT_PROJECT_VERSION = 1;
				ENABLE_PREVIEWS = YES;
				GENERATE_INFOPLIST_FILE = YES;
				INFOPLIST_KEY_UIApplicationSceneManifest_Generation = YES;
				INFOPLIST_KEY_UIApplicationSupportsIndirectInputEvents = YES;
				INFOPLIST_KEY_UILaunchScreen_Generation = YES;
				INFOPLIST_KEY_UISupportedInterfaceOrientations_iPad = "UIInterfaceOrientationPortrait UIInterfaceOrientationPortraitUpsideDown UIInterfaceOrientationLandscapeLeft UIInterfaceOrientationLandscapeRight";
				INFOPLIST_KEY_UISupportedInterfaceOrientations_iPhone = "UIInterfaceOrientationPortrait UIInterfaceOrientationLandscapeLeft UIInterfaceOrientationLandscapeRight";
				IPHONEOS_DEPLOYMENT_TARGET = 15.2;
				LD_RUNPATH_SEARCH_PATHS = (
					"$(inherited)",
					"@executable_path/Frameworks",
				);
				MARKETING_VERSION = 1.0;
				PRODUCT_BUNDLE_IDENTIFIER = com.tomokagemo.Landmarks;
				PRODUCT_NAME = Landmarks;
				SDKROOT = iphoneos;
				SWIFT_EMIT_LOC_STRINGS = YES;
				SWIFT_VERSION = 5.0;
				TARGETED_DEVICE_FAMILY = "1,2";
			};
			name = Debug;
		};
		EA20209327CF28DA00D706B0 /* Release */ = {
			isa = XCBuildConfiguration;
			buildSettings = {
				ASSETCATALOG_COMPILER_APPICON_NAME = AppIcon;
				ASSETCATALOG_COMPILER_GLOBAL_ACCENT_COLOR_NAME = AccentColor;
				CODE_SIGN_STYLE = Automatic;
				CURRENT_PROJECT_VERSION = 1;
				ENABLE_PREVIEWS = YES;
				GENERATE_INFOPLIST_FILE = YES;
				INFOPLIST_KEY_UIApplicationSceneManifest_Generation = YES;
				INFOPLIST_KEY_UIApplicationSupportsIndirectInputEvents = YES;
				INFOPLIST_KEY_UILaunchScreen_Generation = YES;
				INFOPLIST_KEY_UISupportedInterfaceOrientations_iPad = "UIInterfaceOrientationPortrait UIInterfaceOrientationPortraitUpsideDown UIInterfaceOrientationLandscapeLeft UIInterfaceOrientationLandscapeRight";
				INFOPLIST_KEY_UISupportedInterfaceOrientations_iPhone = "UIInterfaceOrientationPortrait UIInterfaceOrientationLandscapeLeft UIInterfaceOrientationLandscapeRight";
				IPHONEOS_DEPLOYMENT_TARGET = 15.2;
				LD_RUNPATH_SEARCH_PATHS = (
					"$(inherited)",
					"@executable_path/Frameworks",
				);
				MARKETING_VERSION = 1.0;
				PRODUCT_BUNDLE_IDENTIFIER = com.tomokagemo.Landmarks;
				PRODUCT_NAME = Landmarks;
				SDKROOT = iphoneos;
				SWIFT_EMIT_LOC_STRINGS = YES;
				SWIFT_VERSION = 5.0;
				TARGETED_DEVICE_FAMILY = "1,2";
				VALIDATE_PRODUCT = YES;
			};
			name = Release;
		};
		EA20209827CF28DA00D706B0 /* Debug */ = {
			isa = XCBuildConfiguration;
			buildSettings = {
				ALWAYS_EMBED_SWIFT_STANDARD_LIBRARIES = YES;
				CODE_SIGN_STYLE = Automatic;
				CURRENT_PROJECT_VERSION = 1;
				GENERATE_INFOPLIST_FILE = YES;
				IPHONEOS_DEPLOYMENT_TARGET = 15.2;
				MARKETING_VERSION = 1.0;
				PRODUCT_BUNDLE_IDENTIFIER = "com.tomokagemo.Tests-iOS";
				PRODUCT_NAME = "$(TARGET_NAME)";
				SDKROOT = iphoneos;
				SWIFT_EMIT_LOC_STRINGS = NO;
				SWIFT_VERSION = 5.0;
				TARGETED_DEVICE_FAMILY = "1,2";
				TEST_TARGET_NAME = "Landmarks (iOS)";
			};
			name = Debug;
		};
		EA20209927CF28DA00D706B0 /* Release */ = {
			isa = XCBuildConfiguration;
			buildSettings = {
				ALWAYS_EMBED_SWIFT_STANDARD_LIBRARIES = YES;
				CODE_SIGN_STYLE = Automatic;
				CURRENT_PROJECT_VERSION = 1;
				GENERATE_INFOPLIST_FILE = YES;
				IPHONEOS_DEPLOYMENT_TARGET = 15.2;
				MARKETING_VERSION = 1.0;
				PRODUCT_BUNDLE_IDENTIFIER = "com.tomokagemo.Tests-iOS";
				PRODUCT_NAME = "$(TARGET_NAME)";
				SDKROOT = iphoneos;
				SWIFT_EMIT_LOC_STRINGS = NO;
				SWIFT_VERSION = 5.0;
				TARGETED_DEVICE_FAMILY = "1,2";
				TEST_TARGET_NAME = "Landmarks (iOS)";
				VALIDATE_PRODUCT = YES;
			};
			name = Release;
		};
/* End XCBuildConfiguration section */

/* Begin XCConfigurationList section */
		EA20205F27CF28D900D706B0 /* Build configuration list for PBXProject "Landmarks" */ = {
			isa = XCConfigurationList;
			buildConfigurations = (
				EA20208F27CF28DA00D706B0 /* Debug */,
				EA20209027CF28DA00D706B0 /* Release */,
			);
			defaultConfigurationIsVisible = 0;
			defaultConfigurationName = Release;
		};
		EA20209127CF28DA00D706B0 /* Build configuration list for PBXNativeTarget "Landmarks (iOS)" */ = {
			isa = XCConfigurationList;
			buildConfigurations = (
				EA20209227CF28DA00D706B0 /* Debug */,
				EA20209327CF28DA00D706B0 /* Release */,
			);
			defaultConfigurationIsVisible = 0;
			defaultConfigurationName = Release;
		};
		EA20209727CF28DA00D706B0 /* Build configuration list for PBXNativeTarget "Tests iOS" */ = {
			isa = XCConfigurationList;
			buildConfigurations = (
				EA20209827CF28DA00D706B0 /* Debug */,
				EA20209927CF28DA00D706B0 /* Release */,
			);
			defaultConfigurationIsVisible = 0;
			defaultConfigurationName = Release;
		};
/* End XCConfigurationList section */
	};
	rootObject = EA20205C27CF28D900D706B0 /* Project object */;
}
